
Microsoft Visual Studio Solution File, Format Version 12.00
# Visual Studio Version 17
VisualStudioVersion = 17.10.35122.118
MinimumVisualStudioVersion = 10.0.40219.1
Project("{FAE04EC0-301F-11D3-BF4B-00C04F79EFBC}") = "TourOfHeroApi", "TourOfHeroApi.csproj", "{A99BB282-5B0A-429F-99AE-4AAA23383BE2}"
EndProject
Global
	GlobalSection(SolutionConfigurationPlatforms) = preSolution
		Debug|Any CPU = Debug|Any CPU
		Release|Any CPU = Release|Any CPU
	EndGlobalSection
	GlobalSection(ProjectConfigurationPlatforms) = postSolution
		{A99BB282-5B0A-429F-99AE-4AAA23383BE2}.Debug|Any CPU.ActiveCfg = Debug|Any CPU
		{A99BB282-5B0A-429F-99AE-4AAA23383BE2}.Debug|Any CPU.Build.0 = Debug|Any CPU
		{A99BB282-5B0A-429F-99AE-4AAA23383BE2}.Release|Any CPU.ActiveCfg = Release|Any CPU
		{A99BB282-5B0A-429F-99AE-4AAA23383BE2}.Release|Any CPU.Build.0 = Release|Any CPU
	EndGlobalSection
	GlobalSection(SolutionProperties) = preSolution
		HideSolutionNode = FALSE
	EndGlobalSection
	GlobalSection(ExtensibilityGlobals) = postSolution
		SolutionGuid = {DBAE5AC5-CE92-460C-BE19-2D93FBD23A42}
	EndGlobalSection
EndGlobal
